
Microsoft Visual Studio Solution File, Format Version 12.00
# Visual Studio Version 17
VisualStudioVersion = 17.0.31903.59
MinimumVisualStudioVersion = 10.0.40219.1
Project("{2150E333-8FDC-42A3-9474-1A3956D46DE8}") = "src", "src", "{827E0CD3-B72D-47B6-A68D-7590B98EB39B}"
EndProject
Project("{FAE04EC0-301F-11D3-BF4B-00C04F79EFBC}") = "Aether.Hosting", "src\Aether.Hosting\Aether.Hosting.csproj", "{3E888FC7-29CE-4C08-9E75-C75F9B7B92BF}"
EndProject
Project("{2150E333-8FDC-42A3-9474-1A3956D46DE8}") = "tests", "tests", "{0AB3BF05-4346-4AA6-1389-037BE0695223}"
EndProject
Project("{FAE04EC0-301F-11D3-BF4B-00C04F79EFBC}") = "Aether.Hosting.Tests", "tests\Aether.Hosting.Tests\Aether.Hosting.Tests.csproj", "{01C2C6D4-8E40-40FD-A912-627C788E4E1B}"
EndProject
Project("{2150E333-8FDC-42A3-9474-1A3956D46DE8}") = "tools", "tools", "{07C2787E-EAC7-C090-1BA3-A61EC2A24D84}"
EndProject
Project("{FAE04EC0-301F-11D3-BF4B-00C04F79EFBC}") = "Aether.BuildTool", "tools\Aether.BuildTool\Aether.BuildTool.csproj", "{EEB55AE8-ECD2-45B5-95BA-6A0CA477879F}"
EndProject
Project("{FAE04EC0-301F-11D3-BF4B-00C04F79EFBC}") = "Aether.BuildTool.Tests", "tests\Aether.BuildTool.Tests\Aether.BuildTool.Tests.csproj", "{728B1780-D075-45B1-9BCE-4750D2B8A60D}"
EndProject
Global
	GlobalSection(SolutionConfigurationPlatforms) = preSolution
		Debug|Any CPU = Debug|Any CPU
		Debug|x64 = Debug|x64
		Debug|x86 = Debug|x86
		Release|Any CPU = Release|Any CPU
		Release|x64 = Release|x64
		Release|x86 = Release|x86
	EndGlobalSection
	GlobalSection(ProjectConfigurationPlatforms) = postSolution
		{3E888FC7-29CE-4C08-9E75-C75F9B7B92BF}.Debug|Any CPU.ActiveCfg = Debug|Any CPU
		{3E888FC7-29CE-4C08-9E75-C75F9B7B92BF}.Debug|Any CPU.Build.0 = Debug|Any CPU
		{3E888FC7-29CE-4C08-9E75-C75F9B7B92BF}.Debug|x64.ActiveCfg = Debug|Any CPU
		{3E888FC7-29CE-4C08-9E75-C75F9B7B92BF}.Debug|x64.Build.0 = Debug|Any CPU
		{3E888FC7-29CE-4C08-9E75-C75F9B7B92BF}.Debug|x86.ActiveCfg = Debug|Any CPU
		{3E888FC7-29CE-4C08-9E75-C75F9B7B92BF}.Debug|x86.Build.0 = Debug|Any CPU
		{3E888FC7-29CE-4C08-9E75-C75F9B7B92BF}.Release|Any CPU.ActiveCfg = Release|Any CPU
		{3E888FC7-29CE-4C08-9E75-C75F9B7B92BF}.Release|Any CPU.Build.0 = Release|Any CPU
		{3E888FC7-29CE-4C08-9E75-C75F9B7B92BF}.Release|x64.ActiveCfg = Release|Any CPU
		{3E888FC7-29CE-4C08-9E75-C75F9B7B92BF}.Release|x64.Build.0 = Release|Any CPU
		{3E888FC7-29CE-4C08-9E75-C75F9B7B92BF}.Release|x86.ActiveCfg = Release|Any CPU
		{3E888FC7-29CE-4C08-9E75-C75F9B7B92BF}.Release|x86.Build.0 = Release|Any CPU
		{01C2C6D4-8E40-40FD-A912-627C788E4E1B}.Debug|Any CPU.ActiveCfg = Debug|Any CPU
		{01C2C6D4-8E40-40FD-A912-627C788E4E1B}.Debug|Any CPU.Build.0 = Debug|Any CPU
		{01C2C6D4-8E40-40FD-A912-627C788E4E1B}.Debug|x64.ActiveCfg = Debug|Any CPU
		{01C2C6D4-8E40-40FD-A912-627C788E4E1B}.Debug|x64.Build.0 = Debug|Any CPU
		{01C2C6D4-8E40-40FD-A912-627C788E4E1B}.Debug|x86.ActiveCfg = Debug|Any CPU
		{01C2C6D4-8E40-40FD-A912-627C788E4E1B}.Debug|x86.Build.0 = Debug|Any CPU
		{01C2C6D4-8E40-40FD-A912-627C788E4E1B}.Release|Any CPU.ActiveCfg = Release|Any CPU
		{01C2C6D4-8E40-40FD-A912-627C788E4E1B}.Release|Any CPU.Build.0 = Release|Any CPU
		{01C2C6D4-8E40-40FD-A912-627C788E4E1B}.Release|x64.ActiveCfg = Release|Any CPU
		{01C2C6D4-8E40-40FD-A912-627C788E4E1B}.Release|x64.Build.0 = Release|Any CPU
		{01C2C6D4-8E40-40FD-A912-627C788E4E1B}.Release|x86.ActiveCfg = Release|Any CPU
		{01C2C6D4-8E40-40FD-A912-627C788E4E1B}.Release|x86.Build.0 = Release|Any CPU
		{EEB55AE8-ECD2-45B5-95BA-6A0CA477879F}.Debug|Any CPU.ActiveCfg = Debug|Any CPU
		{EEB55AE8-ECD2-45B5-95BA-6A0CA477879F}.Debug|Any CPU.Build.0 = Debug|Any CPU
		{EEB55AE8-ECD2-45B5-95BA-6A0CA477879F}.Debug|x64.ActiveCfg = Debug|Any CPU
		{EEB55AE8-ECD2-45B5-95BA-6A0CA477879F}.Debug|x64.Build.0 = Debug|Any CPU
		{EEB55AE8-ECD2-45B5-95BA-6A0CA477879F}.Debug|x86.ActiveCfg = Debug|Any CPU
		{EEB55AE8-ECD2-45B5-95BA-6A0CA477879F}.Debug|x86.Build.0 = Debug|Any CPU
		{EEB55AE8-ECD2-45B5-95BA-6A0CA477879F}.Release|Any CPU.ActiveCfg = Release|Any CPU
		{EEB55AE8-ECD2-45B5-95BA-6A0CA477879F}.Release|Any CPU.Build.0 = Release|Any CPU
		{EEB55AE8-ECD2-45B5-95BA-6A0CA477879F}.Release|x64.ActiveCfg = Release|Any CPU
		{EEB55AE8-ECD2-45B5-95BA-6A0CA477879F}.Release|x64.Build.0 = Release|Any CPU
		{EEB55AE8-ECD2-45B5-95BA-6A0CA477879F}.Release|x86.ActiveCfg = Release|Any CPU
		{EEB55AE8-ECD2-45B5-95BA-6A0CA477879F}.Release|x86.Build.0 = Release|Any CPU
		{728B1780-D075-45B1-9BCE-4750D2B8A60D}.Debug|Any CPU.ActiveCfg = Debug|Any CPU
		{728B1780-D075-45B1-9BCE-4750D2B8A60D}.Debug|Any CPU.Build.0 = Debug|Any CPU
		{728B1780-D075-45B1-9BCE-4750D2B8A60D}.Debug|x64.ActiveCfg = Debug|Any CPU
		{728B1780-D075-45B1-9BCE-4750D2B8A60D}.Debug|x64.Build.0 = Debug|Any CPU
		{728B1780-D075-45B1-9BCE-4750D2B8A60D}.Debug|x86.ActiveCfg = Debug|Any CPU
		{728B1780-D075-45B1-9BCE-4750D2B8A60D}.Debug|x86.Build.0 = Debug|Any CPU
		{728B1780-D075-45B1-9BCE-4750D2B8A60D}.Release|Any CPU.ActiveCfg = Release|Any CPU
		{728B1780-D075-45B1-9BCE-4750D2B8A60D}.Release|Any CPU.Build.0 = Release|Any CPU
		{728B1780-D075-45B1-9BCE-4750D2B8A60D}.Release|x64.ActiveCfg = Release|Any CPU
		{728B1780-D075-45B1-9BCE-4750D2B8A60D}.Release|x64.Build.0 = Release|Any CPU
		{728B1780-D075-45B1-9BCE-4750D2B8A60D}.Release|x86.ActiveCfg = Release|Any CPU
		{728B1780-D075-45B1-9BCE-4750D2B8A60D}.Release|x86.Build.0 = Release|Any CPU
	EndGlobalSection
	GlobalSection(SolutionProperties) = preSolution
		HideSolutionNode = FALSE
	EndGlobalSection
	GlobalSection(NestedProjects) = preSolution
		{3E888FC7-29CE-4C08-9E75-C75F9B7B92BF} = {827E0CD3-B72D-47B6-A68D-7590B98EB39B}
		{01C2C6D4-8E40-40FD-A912-627C788E4E1B} = {0AB3BF05-4346-4AA6-1389-037BE0695223}
		{EEB55AE8-ECD2-45B5-95BA-6A0CA477879F} = {07C2787E-EAC7-C090-1BA3-A61EC2A24D84}
		{728B1780-D075-45B1-9BCE-4750D2B8A60D} = {0AB3BF05-4346-4AA6-1389-037BE0695223}
	EndGlobalSection
EndGlobal
